// !$*UTF8*$!
{
	archiveVersion = 1;
	classes = {
	};
	objectVersion = 48;
	objects = {

/* Begin PBXBuildFile section */
		2FFADF379D3999E88ACFC56A /* Pods_ToDoey.framework in Frameworks */ = {isa = PBXBuildFile; fileRef = 32EB8916957011370767A412 /* Pods_ToDoey.framework */; };
		6D1147A9205C02D6003C9CBC /* AppDelegate.swift in Sources */ = {isa = PBXBuildFile; fileRef = 6D1147A8205C02D6003C9CBC /* AppDelegate.swift */; };
		6D1147AE205C02D6003C9CBC /* Main.storyboard in Resources */ = {isa = PBXBuildFile; fileRef = 6D1147AC205C02D6003C9CBC /* Main.storyboard */; };
		6D1147B1205C02D6003C9CBC /* ToDoey.xcdatamodeld in Sources */ = {isa = PBXBuildFile; fileRef = 6D1147AF205C02D6003C9CBC /* ToDoey.xcdatamodeld */; };
		6D1147B3205C02D6003C9CBC /* Assets.xcassets in Resources */ = {isa = PBXBuildFile; fileRef = 6D1147B2205C02D6003C9CBC /* Assets.xcassets */; };
		6D1147B6205C02D6003C9CBC /* LaunchScreen.storyboard in Resources */ = {isa = PBXBuildFile; fileRef = 6D1147B4205C02D6003C9CBC /* LaunchScreen.storyboard */; };
		6D1147BE205C03C3003C9CBC /* CategoryTableViewController.swift in Sources */ = {isa = PBXBuildFile; fileRef = 6D1147BD205C03C3003C9CBC /* CategoryTableViewController.swift */; };
		6D1147C0205C041C003C9CBC /* ItemTableViewController.swift in Sources */ = {isa = PBXBuildFile; fileRef = 6D1147BF205C041C003C9CBC /* ItemTableViewController.swift */; };
/* End PBXBuildFile section */

/* Begin PBXFileReference section */
		32EB8916957011370767A412 /* Pods_ToDoey.framework */ = {isa = PBXFileReference; explicitFileType = wrapper.framework; includeInIndex = 0; path = Pods_ToDoey.framework; sourceTree = BUILT_PRODUCTS_DIR; };
		6D1147A5205C02D6003C9CBC /* ToDoey.app */ = {isa = PBXFileReference; explicitFileType = wrapper.application; includeInIndex = 0; path = ToDoey.app; sourceTree = BUILT_PRODUCTS_DIR; };
		6D1147A8205C02D6003C9CBC /* AppDelegate.swift */ = {isa = PBXFileReference; lastKnownFileType = sourcecode.swift; path = AppDelegate.swift; sourceTree = "<group>"; };
		6D1147AD205C02D6003C9CBC /* Base */ = {isa = PBXFileReference; lastKnownFileType = file.storyboard; name = Base; path = Base.lproj/Main.storyboard; sourceTree = "<group>"; };
		6D1147B0205C02D6003C9CBC /* ToDoey.xcdatamodel */ = {isa = PBXFileReference; lastKnownFileType = wrapper.xcdatamodel; path = ToDoey.xcdatamodel; sourceTree = "<group>"; };
		6D1147B2205C02D6003C9CBC /* Assets.xcassets */ = {isa = PBXFileReference; lastKnownFileType = folder.assetcatalog; path = Assets.xcassets; sourceTree = "<group>"; };
		6D1147B5205C02D6003C9CBC /* Base */ = {isa = PBXFileReference; lastKnownFileType = file.storyboard; name = Base; path = Base.lproj/LaunchScreen.storyboard; sourceTree = "<group>"; };
		6D1147B7205C02D6003C9CBC /* Info.plist */ = {isa = PBXFileReference; lastKnownFileType = text.plist.xml; path = Info.plist; sourceTree = "<group>"; };
		6D1147BD205C03C3003C9CBC /* CategoryTableViewController.swift */ = {isa = PBXFileReference; lastKnownFileType = sourcecode.swift; path = CategoryTableViewController.swift; sourceTree = "<group>"; };
		6D1147BF205C041C003C9CBC /* ItemTableViewController.swift */ = {isa = PBXFileReference; lastKnownFileType = sourcecode.swift; path = ItemTableViewController.swift; sourceTree = "<group>"; };
		A3744FF0510BB3D486EB3A97 /* Pods-ToDoey.release.xcconfig */ = {isa = PBXFileReference; includeInIndex = 1; lastKnownFileType = text.xcconfig; name = "Pods-ToDoey.release.xcconfig"; path = "Pods/Target Support Files/Pods-ToDoey/Pods-ToDoey.release.xcconfig"; sourceTree = "<group>"; };
		F233ACF6BC4226C54E01D24F /* Pods-ToDoey.debug.xcconfig */ = {isa = PBXFileReference; includeInIndex = 1; lastKnownFileType = text.xcconfig; name = "Pods-ToDoey.debug.xcconfig"; path = "Pods/Target Support Files/Pods-ToDoey/Pods-ToDoey.debug.xcconfig"; sourceTree = "<group>"; };
/* End PBXFileReference section */

/* Begin PBXFrameworksBuildPhase section */
		6D1147A2205C02D6003C9CBC /* Frameworks */ = {
			isa = PBXFrameworksBuildPhase;
			buildActionMask = 2147483647;
			files = (
				2FFADF379D3999E88ACFC56A /* Pods_ToDoey.framework in Frameworks */,
			);
			runOnlyForDeploymentPostprocessing = 0;
		};
/* End PBXFrameworksBuildPhase section */

/* Begin PBXGroup section */
		6D11479C205C02D6003C9CBC = {
			isa = PBXGroup;
			children = (
				6D1147A7205C02D6003C9CBC /* ToDoey */,
				6D1147A6205C02D6003C9CBC /* Products */,
				EF6E771AE400FBB28BB49CEF /* Pods */,
				9C9D6001588864E416DEC84F /* Frameworks */,
			);
			sourceTree = "<group>";
		};
		6D1147A6205C02D6003C9CBC /* Products */ = {
			isa = PBXGroup;
			children = (
				6D1147A5205C02D6003C9CBC /* ToDoey.app */,
			);
			name = Products;
			sourceTree = "<group>";
		};
		6D1147A7205C02D6003C9CBC /* ToDoey */ = {
			isa = PBXGroup;
			children = (
				6DC93C8F205C175F00074CC5 /* View */,
				6DC93C8E205C174000074CC5 /* Controllers */,
				6DC93C8D205C173300074CC5 /* Data Model */,
				6D1147A8205C02D6003C9CBC /* AppDelegate.swift */,
				6D1147B2205C02D6003C9CBC /* Assets.xcassets */,
				6D1147B7205C02D6003C9CBC /* Info.plist */,
			);
			path = ToDoey;
			sourceTree = "<group>";
		};
		6DC93C8D205C173300074CC5 /* Data Model */ = {
			isa = PBXGroup;
			children = (
				6D1147AF205C02D6003C9CBC /* ToDoey.xcdatamodeld */,
			);
			path = "Data Model";
			sourceTree = "<group>";
		};
		6DC93C8E205C174000074CC5 /* Controllers */ = {
			isa = PBXGroup;
			children = (
				6D1147BD205C03C3003C9CBC /* CategoryTableViewController.swift */,
				6D1147BF205C041C003C9CBC /* ItemTableViewController.swift */,
			);
			path = Controllers;
			sourceTree = "<group>";
		};
		6DC93C8F205C175F00074CC5 /* View */ = {
			isa = PBXGroup;
			children = (
				6D1147B4205C02D6003C9CBC /* LaunchScreen.storyboard */,
				6D1147AC205C02D6003C9CBC /* Main.storyboard */,
			);
			path = View;
			sourceTree = "<group>";
		};
		9C9D6001588864E416DEC84F /* Frameworks */ = {
			isa = PBXGroup;
			children = (
				32EB8916957011370767A412 /* Pods_ToDoey.framework */,
			);
			name = Frameworks;
			sourceTree = "<group>";
		};
		EF6E771AE400FBB28BB49CEF /* Pods */ = {
			isa = PBXGroup;
			children = (
				F233ACF6BC4226C54E01D24F /* Pods-ToDoey.debug.xcconfig */,
				A3744FF0510BB3D486EB3A97 /* Pods-ToDoey.release.xcconfig */,
			);
			name = Pods;
			sourceTree = "<group>";
		};
/* End PBXGroup section */

/* Begin PBXNativeTarget section */
		6D1147A4205C02D6003C9CBC /* ToDoey */ = {
			isa = PBXNativeTarget;
			buildConfigurationList = 6D1147BA205C02D6003C9CBC /* Build configuration list for PBXNativeTarget "ToDoey" */;
			buildPhases = (
				2966A98568E420AD5169041F /* [CP] Check Pods Manifest.lock */,
				6D1147A1205C02D6003C9CBC /* Sources */,
				6D1147A2205C02D6003C9CBC /* Frameworks */,
				6D1147A3205C02D6003C9CBC /* Resources */,
				2DEC30F880B5A5725532E270 /* [CP] Embed Pods Frameworks */,
				09BF4F50A38CBAB57B72EEEC /* [CP] Copy Pods Resources */,
			);
			buildRules = (
			);
			dependencies = (
			);
			name = ToDoey;
			productName = ToDoey;
			productReference = 6D1147A5205C02D6003C9CBC /* ToDoey.app */;
			productType = "com.apple.product-type.application";
		};
/* End PBXNativeTarget section */

/* Begin PBXProject section */
		6D11479D205C02D6003C9CBC /* Project object */ = {
			isa = PBXProject;
			attributes = {
				LastSwiftUpdateCheck = 0920;
				LastUpgradeCheck = 0920;
				ORGANIZATIONNAME = "Rajesh Karmaker";
				TargetAttributes = {
					6D1147A4205C02D6003C9CBC = {
						CreatedOnToolsVersion = 9.2;
						ProvisioningStyle = Automatic;
					};
				};
			};
			buildConfigurationList = 6D1147A0205C02D6003C9CBC /* Build configuration list for PBXProject "ToDoey" */;
			compatibilityVersion = "Xcode 8.0";
			developmentRegion = en;
			hasScannedForEncodings = 0;
			knownRegions = (
				en,
				Base,
			);
			mainGroup = 6D11479C205C02D6003C9CBC;
			productRefGroup = 6D1147A6205C02D6003C9CBC /* Products */;
			projectDirPath = "";
			projectRoot = "";
			targets = (
				6D1147A4205C02D6003C9CBC /* ToDoey */,
			);
		};
/* End PBXProject section */

/* Begin PBXResourcesBuildPhase section */
		6D1147A3205C02D6003C9CBC /* Resources */ = {
			isa = PBXResourcesBuildPhase;
			buildActionMask = 2147483647;
			files = (
				6D1147B6205C02D6003C9CBC /* LaunchScreen.storyboard in Resources */,
				6D1147B3205C02D6003C9CBC /* Assets.xcassets in Resources */,
				6D1147AE205C02D6003C9CBC /* Main.storyboard in Resources */,
			);
			runOnlyForDeploymentPostprocessing = 0;
		};
/* End PBXResourcesBuildPhase section */

/* Begin PBXShellScriptBuildPhase section */
		09BF4F50A38CBAB57B72EEEC /* [CP] Copy Pods Resources */ = {
			isa = PBXShellScriptBuildPhase;
			buildActionMask = 2147483647;
			files = (
			);
			inputPaths = (
			);
			name = "[CP] Copy Pods Resources";
			outputPaths = (
			);
			runOnlyForDeploymentPostprocessing = 0;
			shellPath = /bin/sh;
			shellScript = "\"${SRCROOT}/Pods/Target Support Files/Pods-ToDoey/Pods-ToDoey-resources.sh\"\n";
			showEnvVarsInLog = 0;
		};
		2966A98568E420AD5169041F /* [CP] Check Pods Manifest.lock */ = {
			isa = PBXShellScriptBuildPhase;
			buildActionMask = 2147483647;
			files = (
			);
			inputPaths = (
				"${PODS_PODFILE_DIR_PATH}/Podfile.lock",
				"${PODS_ROOT}/Manifest.lock",
			);
			name = "[CP] Check Pods Manifest.lock";
			outputPaths = (
				"$(DERIVED_FILE_DIR)/Pods-ToDoey-checkManifestLockResult.txt",
			);
			runOnlyForDeploymentPostprocessing = 0;
			shellPath = /bin/sh;
			shellScript = "diff \"${PODS_PODFILE_DIR_PATH}/Podfile.lock\" \"${PODS_ROOT}/Manifest.lock\" > /dev/null\nif [ $? != 0 ] ; then\n    # print error to STDERR\n    echo \"error: The sandbox is not in sync with the Podfile.lock. Run 'pod install' or update your CocoaPods installation.\" >&2\n    exit 1\nfi\n# This output is used by Xcode 'outputs' to avoid re-running this script phase.\necho \"SUCCESS\" > \"${SCRIPT_OUTPUT_FILE_0}\"\n";
			showEnvVarsInLog = 0;
		};
		2DEC30F880B5A5725532E270 /* [CP] Embed Pods Frameworks */ = {
			isa = PBXShellScriptBuildPhase;
			buildActionMask = 2147483647;
			files = (
			);
			inputPaths = (
				"${SRCROOT}/Pods/Target Support Files/Pods-ToDoey/Pods-ToDoey-frameworks.sh",
				"${BUILT_PRODUCTS_DIR}/Realm/Realm.framework",
				"${BUILT_PRODUCTS_DIR}/RealmSwift/RealmSwift.framework",
			);
			name = "[CP] Embed Pods Frameworks";
			outputPaths = (
				"${TARGET_BUILD_DIR}/${FRAMEWORKS_FOLDER_PATH}/Realm.framework",
				"${TARGET_BUILD_DIR}/${FRAMEWORKS_FOLDER_PATH}/RealmSwift.framework",
			);
			runOnlyForDeploymentPostprocessing = 0;
			shellPath = /bin/sh;
			shellScript = "\"${SRCROOT}/Pods/Target Support Files/Pods-ToDoey/Pods-ToDoey-frameworks.sh\"\n";
			showEnvVarsInLog = 0;
		};
/* End PBXShellScriptBuildPhase section */

/* Begin PBXSourcesBuildPhase section */
		6D1147A1205C02D6003C9CBC /* Sources */ = {
			isa = PBXSourcesBuildPhase;
			buildActionMask = 2147483647;
			files = (
				6D1147B1205C02D6003C9CBC /* ToDoey.xcdatamodeld in Sources */,
				6D1147A9205C02D6003C9CBC /* AppDelegate.swift in Sources */,
				6D1147C0205C041C003C9CBC /* ItemTableViewController.swift in Sources */,
				6D1147BE205C03C3003C9CBC /* CategoryTableViewController.swift in Sources */,
			);
			runOnlyForDeploymentPostprocessing = 0;
		};
/* End PBXSourcesBuildPhase section */

/* Begin PBXVariantGroup section */
		6D1147AC205C02D6003C9CBC /* Main.storyboard */ = {
			isa = PBXVariantGroup;
			children = (
				6D1147AD205C02D6003C9CBC /* Base */,
			);
			name = Main.storyboard;
			sourceTree = "<group>";
		};
		6D1147B4205C02D6003C9CBC /* LaunchScreen.storyboard */ = {
			isa = PBXVariantGroup;
			children = (
				6D1147B5205C02D6003C9CBC /* Base */,
			);
			name = LaunchScreen.storyboard;
			sourceTree = "<group>";
		};
/* End PBXVariantGroup section */

/* Begin XCBuildConfiguration section */
		6D1147B8205C02D6003C9CBC /* Debug */ = {
			isa = XCBuildConfiguration;
			buildSettings = {
				ALWAYS_SEARCH_USER_PATHS = NO;
				CLANG_ANALYZER_NONNULL = YES;
				CLANG_ANALYZER_NUMBER_OBJECT_CONVERSION = YES_AGGRESSIVE;
				CLANG_CXX_LANGUAGE_STANDARD = "gnu++14";
				CLANG_CXX_LIBRARY = "libc++";
				CLANG_ENABLE_MODULES = YES;
				CLANG_ENABLE_OBJC_ARC = YES;
				CLANG_WARN_BLOCK_CAPTURE_AUTORELEASING = YES;
				CLANG_WARN_BOOL_CONVERSION = YES;
				CLANG_WARN_COMMA = YES;
				CLANG_WARN_CONSTANT_CONVERSION = YES;
				CLANG_WARN_DIRECT_OBJC_ISA_USAGE = YES_ERROR;
				CLANG_WARN_DOCUMENTATION_COMMENTS = YES;
				CLANG_WARN_EMPTY_BODY = YES;
				CLANG_WARN_ENUM_CONVERSION = YES;
				CLANG_WARN_INFINITE_RECURSION = YES;
				CLANG_WARN_INT_CONVERSION = YES;
				CLANG_WARN_NON_LITERAL_NULL_CONVERSION = YES;
				CLANG_WARN_OBJC_LITERAL_CONVERSION = YES;
				CLANG_WARN_OBJC_ROOT_CLASS = YES_ERROR;
				CLANG_WARN_RANGE_LOOP_ANALYSIS = YES;
				CLANG_WARN_STRICT_PROTOTYPES = YES;
				CLANG_WARN_SUSPICIOUS_MOVE = YES;
				CLANG_WARN_UNGUARDED_AVAILABILITY = YES_AGGRESSIVE;
				CLANG_WARN_UNREACHABLE_CODE = YES;
				CLANG_WARN__DUPLICATE_METHOD_MATCH = YES;
				CODE_SIGN_IDENTITY = "iPhone Developer";
				COPY_PHASE_STRIP = NO;
				DEBUG_INFORMATION_FORMAT = dwarf;
				ENABLE_STRICT_OBJC_MSGSEND = YES;
				ENABLE_TESTABILITY = YES;
				GCC_C_LANGUAGE_STANDARD = gnu11;
				GCC_DYNAMIC_NO_PIC = NO;
				GCC_NO_COMMON_BLOCKS = YES;
				GCC_OPTIMIZATION_LEVEL = 0;
				GCC_PREPROCESSOR_DEFINITIONS = (
					"DEBUG=1",
					"$(inherited)",
				);
				GCC_WARN_64_TO_32_BIT_CONVERSION = YES;
				GCC_WARN_ABOUT_RETURN_TYPE = YES_ERROR;
				GCC_WARN_UNDECLARED_SELECTOR = YES;
				GCC_WARN_UNINITIALIZED_AUTOS = YES_AGGRESSIVE;
				GCC_WARN_UNUSED_FUNCTION = YES;
				GCC_WARN_UNUSED_VARIABLE = YES;
				IPHONEOS_DEPLOYMENT_TARGET = 11.2;
				MTL_ENABLE_DEBUG_INFO = YES;
				ONLY_ACTIVE_ARCH = YES;
				SDKROOT = iphoneos;
				SWIFT_ACTIVE_COMPILATION_CONDITIONS = DEBUG;
				SWIFT_OPTIMIZATION_LEVEL = "-Onone";
			};
			name = Debug;
		};
		6D1147B9205C02D6003C9CBC /* Release */ = {
			isa = XCBuildConfiguration;
			buildSettings = {
				ALWAYS_SEARCH_USER_PATHS = NO;
				CLANG_ANALYZER_NONNULL = YES;
				CLANG_ANALYZER_NUMBER_OBJECT_CONVERSION = YES_AGGRESSIVE;
				CLANG_CXX_LANGUAGE_STANDARD = "gnu++14";
				CLANG_CXX_LIBRARY = "libc++";
				CLANG_ENABLE_MODULES = YES;
				CLANG_ENABLE_OBJC_ARC = YES;
				CLANG_WARN_BLOCK_CAPTURE_AUTORELEASING = YES;
				CLANG_WARN_BOOL_CONVERSION = YES;
				CLANG_WARN_COMMA = YES;
				CLANG_WARN_CONSTANT_CONVERSION = YES;
				CLANG_WARN_DIRECT_OBJC_ISA_USAGE = YES_ERROR;
				CLANG_WARN_DOCUMENTATION_COMMENTS = YES;
				CLANG_WARN_EMPTY_BODY = YES;
				CLANG_WARN_ENUM_CONVERSION = YES;
				CLANG_WARN_INFINITE_RECURSION = YES;
				CLANG_WARN_INT_CONVERSION = YES;
				CLANG_WARN_NON_LITERAL_NULL_CONVERSION = YES;
				CLANG_WARN_OBJC_LITERAL_CONVERSION = YES;
				CLANG_WARN_OBJC_ROOT_CLASS = YES_ERROR;
				CLANG_WARN_RANGE_LOOP_ANALYSIS = YES;
				CLANG_WARN_STRICT_PROTOTYPES = YES;
				CLANG_WARN_SUSPICIOUS_MOVE = YES;
				CLANG_WARN_UNGUARDED_AVAILABILITY = YES_AGGRESSIVE;
				CLANG_WARN_UNREACHABLE_CODE = YES;
				CLANG_WARN__DUPLICATE_METHOD_MATCH = YES;
				CODE_SIGN_IDENTITY = "iPhone Developer";
				COPY_PHASE_STRIP = NO;
				DEBUG_INFORMATION_FORMAT = "dwarf-with-dsym";
				ENABLE_NS_ASSERTIONS = NO;
				ENABLE_STRICT_OBJC_MSGSEND = YES;
				GCC_C_LANGUAGE_STANDARD = gnu11;
				GCC_NO_COMMON_BLOCKS = YES;
				GCC_WARN_64_TO_32_BIT_CONVERSION = YES;
				GCC_WARN_ABOUT_RETURN_TYPE = YES_ERROR;
				GCC_WARN_UNDECLARED_SELECTOR = YES;
				GCC_WARN_UNINITIALIZED_AUTOS = YES_AGGRESSIVE;
				GCC_WARN_UNUSED_FUNCTION = YES;
				GCC_WARN_UNUSED_VARIABLE = YES;
				IPHONEOS_DEPLOYMENT_TARGET = 11.2;
				MTL_ENABLE_DEBUG_INFO = NO;
				SDKROOT = iphoneos;
				SWIFT_OPTIMIZATION_LEVEL = "-Owholemodule";
				VALIDATE_PRODUCT = YES;
			};
			name = Release;
		};
		6D1147BB205C02D6003C9CBC /* Debug */ = {
			isa = XCBuildConfiguration;
			baseConfigurationReference = F233ACF6BC4226C54E01D24F /* Pods-ToDoey.debug.xcconfig */;
			buildSettings = {
				ASSETCATALOG_COMPILER_APPICON_NAME = AppIcon;
				CODE_SIGN_STYLE = Automatic;
				DEVELOPMENT_TEAM = YF9ES6Q873;
				INFOPLIST_FILE = ToDoey/Info.plist;
				LD_RUNPATH_SEARCH_PATHS = "$(inherited) @executable_path/Frameworks";
				PRODUCT_BUNDLE_IDENTIFIER = com.rajesh.ToDoey;
				PRODUCT_NAME = "$(TARGET_NAME)";
				SWIFT_VERSION = 4.0;
				TARGETED_DEVICE_FAMILY = "1,2";
			};
			name = Debug;
		};
		6D1147BC205C02D6003C9CBC /* Release */ = {
			isa = XCBuildConfiguration;
			baseConfigurationReference = A3744FF0510BB3D486EB3A97 /* Pods-ToDoey.release.xcconfig */;
			buildSettings = {
				ASSETCATALOG_COMPILER_APPICON_NAME = AppIcon;
				CODE_SIGN_STYLE = Automatic;
				DEVELOPMENT_TEAM = YF9ES6Q873;
				INFOPLIST_FILE = ToDoey/Info.plist;
				LD_RUNPATH_SEARCH_PATHS = "$(inherited) @executable_path/Frameworks";
				PRODUCT_BUNDLE_IDENTIFIER = com.rajesh.ToDoey;
				PRODUCT_NAME = "$(TARGET_NAME)";
				SWIFT_VERSION = 4.0;
				TARGETED_DEVICE_FAMILY = "1,2";
			};
			name = Release;
		};
/* End XCBuildConfiguration section */

/* Begin XCConfigurationList section */
		6D1147A0205C02D6003C9CBC /* Build configuration list for PBXProject "ToDoey" */ = {
			isa = XCConfigurationList;
			buildConfigurations = (
				6D1147B8205C02D6003C9CBC /* Debug */,
				6D1147B9205C02D6003C9CBC /* Release */,
			);
			defaultConfigurationIsVisible = 0;
			defaultConfigurationName = Release;
		};
		6D1147BA205C02D6003C9CBC /* Build configuration list for PBXNativeTarget "ToDoey" */ = {
			isa = XCConfigurationList;
			buildConfigurations = (
				6D1147BB205C02D6003C9CBC /* Debug */,
				6D1147BC205C02D6003C9CBC /* Release */,
			);
			defaultConfigurationIsVisible = 0;
			defaultConfigurationName = Release;
		};
/* End XCConfigurationList section */

/* Begin XCVersionGroup section */
		6D1147AF205C02D6003C9CBC /* ToDoey.xcdatamodeld */ = {
			isa = XCVersionGroup;
			children = (
				6D1147B0205C02D6003C9CBC /* ToDoey.xcdatamodel */,
			);
			currentVersion = 6D1147B0205C02D6003C9CBC /* ToDoey.xcdatamodel */;
			path = ToDoey.xcdatamodeld;
			sourceTree = "<group>";
			versionGroupType = wrapper.xcdatamodel;
		};
/* End XCVersionGroup section */
	};
	rootObject = 6D11479D205C02D6003C9CBC /* Project object */;
}
